
Microsoft Visual Studio Solution File, Format Version 12.00
# Visual Studio Version 17
VisualStudioVersion = 17.9.34723.18
MinimumVisualStudioVersion = 10.0.40219.1
Project("{FAE04EC0-301F-11D3-BF4B-00C04F79EFBC}") = "SmallEngine", "SmallEngine\SmallEngine.csproj", "{1DC0CEEC-5C90-4B6F-9A2C-AE6CF61540EE}"
EndProject
Global
	GlobalSection(SolutionConfigurationPlatforms) = preSolution
		Debug|Any CPU = Debug|Any CPU
		Release|Any CPU = Release|Any CPU
	EndGlobalSection
	GlobalSection(ProjectConfigurationPlatforms) = postSolution
		{1DC0CEEC-5C90-4B6F-9A2C-AE6CF61540EE}.Debug|Any CPU.ActiveCfg = Debug|Any CPU
		{1DC0CEEC-5C90-4B6F-9A2C-AE6CF61540EE}.Debug|Any CPU.Build.0 = Debug|Any CPU
		{1DC0CEEC-5C90-4B6F-9A2C-AE6CF61540EE}.Release|Any CPU.ActiveCfg = Release|Any CPU
		{1DC0CEEC-5C90-4B6F-9A2C-AE6CF61540EE}.Release|Any CPU.Build.0 = Release|Any CPU
	EndGlobalSection
	GlobalSection(SolutionProperties) = preSolution
		HideSolutionNode = FALSE
	EndGlobalSection
	GlobalSection(ExtensibilityGlobals) = postSolution
		SolutionGuid = {1F27B38C-0716-4B91-8FFF-D061998BCE0A}
	EndGlobalSection
EndGlobal
